Microsoft Visual Studio Solution File, Format Version 9.00
# Visual C++ Express 2005
Project("{8BC9CEB8-8B4A-11D0-8D11-00A0C91BC942}") = "Pentagram", "Pentagram\Pentagram.vcproj", "{DFF1F4A6-6F62-4F5F-9F45-45AA8F0E63BE}"
	ProjectSection(ProjectDependencies) = postProject
		{9679AC56-D38A-4954-BF4F-EC2FB0226851} = {9679AC56-D38A-4954-BF4F-EC2FB0226851}
		{0CE98989-F599-43D1-B950-3E4CB376552F} = {0CE98989-F599-43D1-B950-3E4CB376552F}
	EndProjectSection
EndProject
Project("{8BC9CEB8-8B4A-11D0-8D11-00A0C91BC942}") = "ShapeConv", "ShapeConv\ShapeConv.vcproj", "{578DDFFC-7DAF-4546-A62B-829ABEA3C060}"
	ProjectSection(ProjectDependencies) = postProject
		{9679AC56-D38A-4954-BF4F-EC2FB0226851} = {9679AC56-D38A-4954-BF4F-EC2FB0226851}
	EndProjectSection
EndProject
Project("{8BC9CEB8-8B4A-11D0-8D11-00A0C91BC942}") = "amf2mod", "amf2mod\amf2mod.vcproj", "{8D804D64-7DA0-4624-A6B1-2AD38EBDDFFA}"
	ProjectSection(ProjectDependencies) = postProject
		{9679AC56-D38A-4954-BF4F-EC2FB0226851} = {9679AC56-D38A-4954-BF4F-EC2FB0226851}
	EndProjectSection
EndProject
Project("{8BC9CEB8-8B4A-11D0-8D11-00A0C91BC942}") = "disasm", "disasm\disasm.vcproj", "{E5F27820-7F73-4072-BF61-A1D960FEC195}"
	ProjectSection(ProjectDependencies) = postProject
		{9679AC56-D38A-4954-BF4F-EC2FB0226851} = {9679AC56-D38A-4954-BF4F-EC2FB0226851}
	EndProjectSection
EndProject
Project("{8BC9CEB8-8B4A-11D0-8D11-00A0C91BC942}") = "fold", "fold\fold.vcproj", "{358B2883-B5AE-4836-B9C5-4D81483E99D7}"
EndProject
Project("{8BC9CEB8-8B4A-11D0-8D11-00A0C91BC942}") = "data2c", "data2c\data2c.vcproj", "{7B091C66-5E1A-4343-B195-838A7EB91D9A}"
	ProjectSection(ProjectDependencies) = postProject
		{9679AC56-D38A-4954-BF4F-EC2FB0226851} = {9679AC56-D38A-4954-BF4F-EC2FB0226851}
	EndProjectSection
EndProject
Project("{8BC9CEB8-8B4A-11D0-8D11-00A0C91BC942}") = "data.h", "data\data.vcproj", "{0CE98989-F599-43D1-B950-3E4CB376552F}"
	ProjectSection(ProjectDependencies) = postProject
		{7B091C66-5E1A-4343-B195-838A7EB91D9A} = {7B091C66-5E1A-4343-B195-838A7EB91D9A}
	EndProjectSection
EndProject
Project("{8BC9CEB8-8B4A-11D0-8D11-00A0C91BC942}") = "libs", "libs\libs.vcproj", "{9679AC56-D38A-4954-BF4F-EC2FB0226851}"
EndProject
Global
	GlobalSection(SolutionConfigurationPlatforms) = preSolution
		Debug|AMD64 = Debug|AMD64
		Debug|i386 = Debug|i386
		Release|AMD64 = Release|AMD64
		Release|i386 = Release|i386
	EndGlobalSection
	GlobalSection(ProjectConfigurationPlatforms) = postSolution
		{DFF1F4A6-6F62-4F5F-9F45-45AA8F0E63BE}.Debug|AMD64.ActiveCfg = Debug AMD64|Win32
		{DFF1F4A6-6F62-4F5F-9F45-45AA8F0E63BE}.Debug|AMD64.Build.0 = Debug AMD64|Win32
		{DFF1F4A6-6F62-4F5F-9F45-45AA8F0E63BE}.Debug|i386.ActiveCfg = Debug i386|Win32
		{DFF1F4A6-6F62-4F5F-9F45-45AA8F0E63BE}.Debug|i386.Build.0 = Debug i386|Win32
		{DFF1F4A6-6F62-4F5F-9F45-45AA8F0E63BE}.Release|AMD64.ActiveCfg = Release AMD64|Win32
		{DFF1F4A6-6F62-4F5F-9F45-45AA8F0E63BE}.Release|AMD64.Build.0 = Release AMD64|Win32
		{DFF1F4A6-6F62-4F5F-9F45-45AA8F0E63BE}.Release|i386.ActiveCfg = Release i386|Win32
		{DFF1F4A6-6F62-4F5F-9F45-45AA8F0E63BE}.Release|i386.Build.0 = Release i386|Win32
		{578DDFFC-7DAF-4546-A62B-829ABEA3C060}.Debug|AMD64.ActiveCfg = Debug AMD64|Win32
		{578DDFFC-7DAF-4546-A62B-829ABEA3C060}.Debug|AMD64.Build.0 = Debug AMD64|Win32
		{578DDFFC-7DAF-4546-A62B-829ABEA3C060}.Debug|i386.ActiveCfg = Debug i386|Win32
		{578DDFFC-7DAF-4546-A62B-829ABEA3C060}.Debug|i386.Build.0 = Debug i386|Win32
		{578DDFFC-7DAF-4546-A62B-829ABEA3C060}.Release|AMD64.ActiveCfg = Release AMD64|Win32
		{578DDFFC-7DAF-4546-A62B-829ABEA3C060}.Release|AMD64.Build.0 = Release AMD64|Win32
		{578DDFFC-7DAF-4546-A62B-829ABEA3C060}.Release|i386.ActiveCfg = Release i386|Win32
		{578DDFFC-7DAF-4546-A62B-829ABEA3C060}.Release|i386.Build.0 = Release i386|Win32
		{8D804D64-7DA0-4624-A6B1-2AD38EBDDFFA}.Debug|AMD64.ActiveCfg = Debug AMD64|Win32
		{8D804D64-7DA0-4624-A6B1-2AD38EBDDFFA}.Debug|AMD64.Build.0 = Debug AMD64|Win32
		{8D804D64-7DA0-4624-A6B1-2AD38EBDDFFA}.Debug|i386.ActiveCfg = Debug i386|Win32
		{8D804D64-7DA0-4624-A6B1-2AD38EBDDFFA}.Debug|i386.Build.0 = Debug i386|Win32
		{8D804D64-7DA0-4624-A6B1-2AD38EBDDFFA}.Release|AMD64.ActiveCfg = Release AMD64|Win32
		{8D804D64-7DA0-4624-A6B1-2AD38EBDDFFA}.Release|AMD64.Build.0 = Release AMD64|Win32
		{8D804D64-7DA0-4624-A6B1-2AD38EBDDFFA}.Release|i386.ActiveCfg = Release i386|Win32
		{8D804D64-7DA0-4624-A6B1-2AD38EBDDFFA}.Release|i386.Build.0 = Release i386|Win32
		{E5F27820-7F73-4072-BF61-A1D960FEC195}.Debug|AMD64.ActiveCfg = Debug AMD64|Win32
		{E5F27820-7F73-4072-BF61-A1D960FEC195}.Debug|AMD64.Build.0 = Debug AMD64|Win32
		{E5F27820-7F73-4072-BF61-A1D960FEC195}.Debug|i386.ActiveCfg = Debug i386|Win32
		{E5F27820-7F73-4072-BF61-A1D960FEC195}.Debug|i386.Build.0 = Debug i386|Win32
		{E5F27820-7F73-4072-BF61-A1D960FEC195}.Release|AMD64.ActiveCfg = Release AMD64|Win32
		{E5F27820-7F73-4072-BF61-A1D960FEC195}.Release|AMD64.Build.0 = Release AMD64|Win32
		{E5F27820-7F73-4072-BF61-A1D960FEC195}.Release|i386.ActiveCfg = Release i386|Win32
		{E5F27820-7F73-4072-BF61-A1D960FEC195}.Release|i386.Build.0 = Release i386|Win32
		{358B2883-B5AE-4836-B9C5-4D81483E99D7}.Debug|AMD64.ActiveCfg = Debug AMD64|Win32
		{358B2883-B5AE-4836-B9C5-4D81483E99D7}.Debug|AMD64.Build.0 = Debug AMD64|Win32
		{358B2883-B5AE-4836-B9C5-4D81483E99D7}.Debug|i386.ActiveCfg = Debug i386|Win32
		{358B2883-B5AE-4836-B9C5-4D81483E99D7}.Debug|i386.Build.0 = Debug i386|Win32
		{358B2883-B5AE-4836-B9C5-4D81483E99D7}.Release|AMD64.ActiveCfg = Release AMD64|Win32
		{358B2883-B5AE-4836-B9C5-4D81483E99D7}.Release|AMD64.Build.0 = Release AMD64|Win32
		{358B2883-B5AE-4836-B9C5-4D81483E99D7}.Release|i386.ActiveCfg = Release i386|Win32
		{358B2883-B5AE-4836-B9C5-4D81483E99D7}.Release|i386.Build.0 = Release i386|Win32
		{7B091C66-5E1A-4343-B195-838A7EB91D9A}.Debug|AMD64.ActiveCfg = Debug AMD64|Win32
		{7B091C66-5E1A-4343-B195-838A7EB91D9A}.Debug|AMD64.Build.0 = Debug AMD64|Win32
		{7B091C66-5E1A-4343-B195-838A7EB91D9A}.Debug|i386.ActiveCfg = Debug i386|Win32
		{7B091C66-5E1A-4343-B195-838A7EB91D9A}.Debug|i386.Build.0 = Debug i386|Win32
		{7B091C66-5E1A-4343-B195-838A7EB91D9A}.Release|AMD64.ActiveCfg = Release AMD64|Win32
		{7B091C66-5E1A-4343-B195-838A7EB91D9A}.Release|AMD64.Build.0 = Release AMD64|Win32
		{7B091C66-5E1A-4343-B195-838A7EB91D9A}.Release|i386.ActiveCfg = Release i386|Win32
		{7B091C66-5E1A-4343-B195-838A7EB91D9A}.Release|i386.Build.0 = Release i386|Win32
		{0CE98989-F599-43D1-B950-3E4CB376552F}.Debug|AMD64.ActiveCfg = Debug AMD64|Win32
		{0CE98989-F599-43D1-B950-3E4CB376552F}.Debug|AMD64.Build.0 = Debug AMD64|Win32
		{0CE98989-F599-43D1-B950-3E4CB376552F}.Debug|i386.ActiveCfg = Debug i386|Win32
		{0CE98989-F599-43D1-B950-3E4CB376552F}.Debug|i386.Build.0 = Debug i386|Win32
		{0CE98989-F599-43D1-B950-3E4CB376552F}.Release|AMD64.ActiveCfg = Release AMD64|Win32
		{0CE98989-F599-43D1-B950-3E4CB376552F}.Release|AMD64.Build.0 = Release AMD64|Win32
		{0CE98989-F599-43D1-B950-3E4CB376552F}.Release|i386.ActiveCfg = Release i386|Win32
		{0CE98989-F599-43D1-B950-3E4CB376552F}.Release|i386.Build.0 = Release i386|Win32
		{9679AC56-D38A-4954-BF4F-EC2FB0226851}.Debug|AMD64.ActiveCfg = Debug AMD64|Win32
		{9679AC56-D38A-4954-BF4F-EC2FB0226851}.Debug|AMD64.Build.0 = Debug AMD64|Win32
		{9679AC56-D38A-4954-BF4F-EC2FB0226851}.Debug|i386.ActiveCfg = Debug i386|Win32
		{9679AC56-D38A-4954-BF4F-EC2FB0226851}.Debug|i386.Build.0 = Debug i386|Win32
		{9679AC56-D38A-4954-BF4F-EC2FB0226851}.Release|AMD64.ActiveCfg = Release AMD64|Win32
		{9679AC56-D38A-4954-BF4F-EC2FB0226851}.Release|AMD64.Build.0 = Release AMD64|Win32
		{9679AC56-D38A-4954-BF4F-EC2FB0226851}.Release|i386.ActiveCfg = Release i386|Win32
		{9679AC56-D38A-4954-BF4F-EC2FB0226851}.Release|i386.Build.0 = Release i386|Win32
	EndGlobalSection
	GlobalSection(SolutionProperties) = preSolution
		HideSolutionNode = FALSE
	EndGlobalSection
EndGlobal
