Microsoft Visual Studio Solution File, Format Version 9.00
# Visual Studio 2005
Project("{8BC9CEB8-8B4A-11D0-8D11-00A0C91BC942}") = "Pentagram", "Pentagram\Pentagram.vcproj", "{DFF1F4A6-6F62-4F5F-9F45-45AA8F0E63BE}"
	ProjectSection(ProjectDependencies) = postProject
		{0CE98989-F599-43D1-B950-3E4CB376552F} = {0CE98989-F599-43D1-B950-3E4CB376552F}
	EndProjectSection
EndProject
Project("{8BC9CEB8-8B4A-11D0-8D11-00A0C91BC942}") = "ShapeConv", "ShapeConv\ShapeConv.vcproj", "{578DDFFC-7DAF-4546-A62B-829ABEA3C060}"
EndProject
Project("{8BC9CEB8-8B4A-11D0-8D11-00A0C91BC942}") = "amf2mod", "amf2mod\amf2mod.vcproj", "{8D804D64-7DA0-4624-A6B1-2AD38EBDDFFA}"
EndProject
Project("{8BC9CEB8-8B4A-11D0-8D11-00A0C91BC942}") = "disasm", "disasm\disasm.vcproj", "{E5F27820-7F73-4072-BF61-A1D960FEC195}"
EndProject
Project("{8BC9CEB8-8B4A-11D0-8D11-00A0C91BC942}") = "fold", "fold\fold.vcproj", "{358B2883-B5AE-4836-B9C5-4D81483E99D7}"
EndProject
Project("{8BC9CEB8-8B4A-11D0-8D11-00A0C91BC942}") = "data2c", "data2c\data2c.vcproj", "{7B091C66-5E1A-4343-B195-838A7EB91D9A}"
EndProject
Project("{8BC9CEB8-8B4A-11D0-8D11-00A0C91BC942}") = "data.h", "data\data.vcproj", "{0CE98989-F599-43D1-B950-3E4CB376552F}"
	ProjectSection(ProjectDependencies) = postProject
		{7B091C66-5E1A-4343-B195-838A7EB91D9A} = {7B091C66-5E1A-4343-B195-838A7EB91D9A}
	EndProjectSection
EndProject
Project("{2150E333-8FDC-42A3-9474-1A3956D46DE8}") = "Tools", "Tools", "{3C8210E8-9462-49F6-829A-EDCB66C9290A}"
EndProject
Project("{2150E333-8FDC-42A3-9474-1A3956D46DE8}") = "Resources", "Resources", "{E858D637-BC59-4FD7-8790-FC31DCA37244}"
EndProject
Project("{2150E333-8FDC-42A3-9474-1A3956D46DE8}") = "Engine", "Engine", "{A3E42EFE-44AE-435C-AFFF-CAD81765B45F}"
EndProject
Global
	GlobalSection(SolutionConfigurationPlatforms) = preSolution
		Debug|Win32 = Debug|Win32
		Debug|x64 = Debug|x64
		Release|Win32 = Release|Win32
		Release|x64 = Release|x64
	EndGlobalSection
	GlobalSection(ProjectConfigurationPlatforms) = postSolution
		{DFF1F4A6-6F62-4F5F-9F45-45AA8F0E63BE}.Debug|Win32.ActiveCfg = Debug|Win32
		{DFF1F4A6-6F62-4F5F-9F45-45AA8F0E63BE}.Debug|Win32.Build.0 = Debug|Win32
		{DFF1F4A6-6F62-4F5F-9F45-45AA8F0E63BE}.Debug|x64.ActiveCfg = Debug|x64
		{DFF1F4A6-6F62-4F5F-9F45-45AA8F0E63BE}.Debug|x64.Build.0 = Debug|x64
		{DFF1F4A6-6F62-4F5F-9F45-45AA8F0E63BE}.Release|Win32.ActiveCfg = Release|Win32
		{DFF1F4A6-6F62-4F5F-9F45-45AA8F0E63BE}.Release|Win32.Build.0 = Release|Win32
		{DFF1F4A6-6F62-4F5F-9F45-45AA8F0E63BE}.Release|x64.ActiveCfg = Release|x64
		{DFF1F4A6-6F62-4F5F-9F45-45AA8F0E63BE}.Release|x64.Build.0 = Release|x64
		{578DDFFC-7DAF-4546-A62B-829ABEA3C060}.Debug|Win32.ActiveCfg = Debug|Win32
		{578DDFFC-7DAF-4546-A62B-829ABEA3C060}.Debug|Win32.Build.0 = Debug|Win32
		{578DDFFC-7DAF-4546-A62B-829ABEA3C060}.Debug|x64.ActiveCfg = Debug|x64
		{578DDFFC-7DAF-4546-A62B-829ABEA3C060}.Debug|x64.Build.0 = Debug|x64
		{578DDFFC-7DAF-4546-A62B-829ABEA3C060}.Release|Win32.ActiveCfg = Release|Win32
		{578DDFFC-7DAF-4546-A62B-829ABEA3C060}.Release|Win32.Build.0 = Release|Win32
		{578DDFFC-7DAF-4546-A62B-829ABEA3C060}.Release|x64.ActiveCfg = Release|x64
		{578DDFFC-7DAF-4546-A62B-829ABEA3C060}.Release|x64.Build.0 = Release|x64
		{8D804D64-7DA0-4624-A6B1-2AD38EBDDFFA}.Debug|Win32.ActiveCfg = Debug|Win32
		{8D804D64-7DA0-4624-A6B1-2AD38EBDDFFA}.Debug|Win32.Build.0 = Debug|Win32
		{8D804D64-7DA0-4624-A6B1-2AD38EBDDFFA}.Debug|x64.ActiveCfg = Debug|x64
		{8D804D64-7DA0-4624-A6B1-2AD38EBDDFFA}.Debug|x64.Build.0 = Debug|x64
		{8D804D64-7DA0-4624-A6B1-2AD38EBDDFFA}.Release|Win32.ActiveCfg = Release|Win32
		{8D804D64-7DA0-4624-A6B1-2AD38EBDDFFA}.Release|Win32.Build.0 = Release|Win32
		{8D804D64-7DA0-4624-A6B1-2AD38EBDDFFA}.Release|x64.ActiveCfg = Release|x64
		{8D804D64-7DA0-4624-A6B1-2AD38EBDDFFA}.Release|x64.Build.0 = Release|x64
		{E5F27820-7F73-4072-BF61-A1D960FEC195}.Debug|Win32.ActiveCfg = Debug|Win32
		{E5F27820-7F73-4072-BF61-A1D960FEC195}.Debug|Win32.Build.0 = Debug|Win32
		{E5F27820-7F73-4072-BF61-A1D960FEC195}.Debug|x64.ActiveCfg = Debug|x64
		{E5F27820-7F73-4072-BF61-A1D960FEC195}.Debug|x64.Build.0 = Debug|x64
		{E5F27820-7F73-4072-BF61-A1D960FEC195}.Release|Win32.ActiveCfg = Release|Win32
		{E5F27820-7F73-4072-BF61-A1D960FEC195}.Release|Win32.Build.0 = Release|Win32
		{E5F27820-7F73-4072-BF61-A1D960FEC195}.Release|x64.ActiveCfg = Release|x64
		{E5F27820-7F73-4072-BF61-A1D960FEC195}.Release|x64.Build.0 = Release|x64
		{358B2883-B5AE-4836-B9C5-4D81483E99D7}.Debug|Win32.ActiveCfg = Debug|Win32
		{358B2883-B5AE-4836-B9C5-4D81483E99D7}.Debug|Win32.Build.0 = Debug|Win32
		{358B2883-B5AE-4836-B9C5-4D81483E99D7}.Debug|x64.ActiveCfg = Debug|x64
		{358B2883-B5AE-4836-B9C5-4D81483E99D7}.Debug|x64.Build.0 = Debug|x64
		{358B2883-B5AE-4836-B9C5-4D81483E99D7}.Release|Win32.ActiveCfg = Release|Win32
		{358B2883-B5AE-4836-B9C5-4D81483E99D7}.Release|Win32.Build.0 = Release|Win32
		{358B2883-B5AE-4836-B9C5-4D81483E99D7}.Release|x64.ActiveCfg = Release|x64
		{358B2883-B5AE-4836-B9C5-4D81483E99D7}.Release|x64.Build.0 = Release|x64
		{7B091C66-5E1A-4343-B195-838A7EB91D9A}.Debug|Win32.ActiveCfg = Debug|Win32
		{7B091C66-5E1A-4343-B195-838A7EB91D9A}.Debug|Win32.Build.0 = Debug|Win32
		{7B091C66-5E1A-4343-B195-838A7EB91D9A}.Debug|x64.ActiveCfg = Debug|Win32
		{7B091C66-5E1A-4343-B195-838A7EB91D9A}.Debug|x64.Build.0 = Debug|Win32
		{7B091C66-5E1A-4343-B195-838A7EB91D9A}.Release|Win32.ActiveCfg = Release|Win32
		{7B091C66-5E1A-4343-B195-838A7EB91D9A}.Release|Win32.Build.0 = Release|Win32
		{7B091C66-5E1A-4343-B195-838A7EB91D9A}.Release|x64.ActiveCfg = Release|Win32
		{7B091C66-5E1A-4343-B195-838A7EB91D9A}.Release|x64.Build.0 = Release|Win32
		{0CE98989-F599-43D1-B950-3E4CB376552F}.Debug|Win32.ActiveCfg = Debug|Win32
		{0CE98989-F599-43D1-B950-3E4CB376552F}.Debug|Win32.Build.0 = Debug|Win32
		{0CE98989-F599-43D1-B950-3E4CB376552F}.Debug|x64.ActiveCfg = Debug|Win32
		{0CE98989-F599-43D1-B950-3E4CB376552F}.Debug|x64.Build.0 = Debug|Win32
		{0CE98989-F599-43D1-B950-3E4CB376552F}.Release|Win32.ActiveCfg = Release|Win32
		{0CE98989-F599-43D1-B950-3E4CB376552F}.Release|Win32.Build.0 = Release|Win32
		{0CE98989-F599-43D1-B950-3E4CB376552F}.Release|x64.ActiveCfg = Release|Win32
		{0CE98989-F599-43D1-B950-3E4CB376552F}.Release|x64.Build.0 = Release|Win32
	EndGlobalSection
	GlobalSection(SolutionProperties) = preSolution
		HideSolutionNode = FALSE
	EndGlobalSection
	GlobalSection(NestedProjects) = preSolution
		{DFF1F4A6-6F62-4F5F-9F45-45AA8F0E63BE} = {A3E42EFE-44AE-435C-AFFF-CAD81765B45F}
		{8D804D64-7DA0-4624-A6B1-2AD38EBDDFFA} = {3C8210E8-9462-49F6-829A-EDCB66C9290A}
		{E5F27820-7F73-4072-BF61-A1D960FEC195} = {3C8210E8-9462-49F6-829A-EDCB66C9290A}
		{358B2883-B5AE-4836-B9C5-4D81483E99D7} = {3C8210E8-9462-49F6-829A-EDCB66C9290A}
		{578DDFFC-7DAF-4546-A62B-829ABEA3C060} = {3C8210E8-9462-49F6-829A-EDCB66C9290A}
		{0CE98989-F599-43D1-B950-3E4CB376552F} = {E858D637-BC59-4FD7-8790-FC31DCA37244}
		{7B091C66-5E1A-4343-B195-838A7EB91D9A} = {E858D637-BC59-4FD7-8790-FC31DCA37244}
	EndGlobalSection
EndGlobal
